// !$*UTF8*$!
{
	archiveVersion = 1;
	classes = {
	};
	objectVersion = 50;
	objects = {

/* Begin PBXBuildFile section */
		E73D1C44234A5AAA001E4921 /* AppDelegate.swift in Sources */ = {isa = PBXBuildFile; fileRef = E73D1C43234A5AAA001E4921 /* AppDelegate.swift */; };
		E73D1C46234A5AAA001E4921 /* SceneDelegate.swift in Sources */ = {isa = PBXBuildFile; fileRef = E73D1C45234A5AAA001E4921 /* SceneDelegate.swift */; };
		E73D1C48234A5AAA001E4921 /* ViewController.swift in Sources */ = {isa = PBXBuildFile; fileRef = E73D1C47234A5AAA001E4921 /* ViewController.swift */; };
		E73D1C4B234A5AAA001E4921 /* Main.storyboard in Resources */ = {isa = PBXBuildFile; fileRef = E73D1C49234A5AAA001E4921 /* Main.storyboard */; };
		E73D1C4D234A5AAB001E4921 /* Assets.xcassets in Resources */ = {isa = PBXBuildFile; fileRef = E73D1C4C234A5AAB001E4921 /* Assets.xcassets */; };
		E73D1C50234A5AAB001E4921 /* LaunchScreen.storyboard in Resources */ = {isa = PBXBuildFile; fileRef = E73D1C4E234A5AAB001E4921 /* LaunchScreen.storyboard */; };
/* End PBXBuildFile section */

/* Begin PBXFileReference section */
		E73D1C40234A5AAA001E4921 /* SwiftbookGETRequests.app */ = {isa = PBXFileReference; explicitFileType = wrapper.application; includeInIndex = 0; path = SwiftbookGETRequests.app; sourceTree = BUILT_PRODUCTS_DIR; };
		E73D1C43234A5AAA001E4921 /* AppDelegate.swift */ = {isa = PBXFileReference; lastKnownFileType = sourcecode.swift; path = AppDelegate.swift; sourceTree = "<group>"; };
		E73D1C45234A5AAA001E4921 /* SceneDelegate.swift */ = {isa = PBXFileReference; lastKnownFileType = sourcecode.swift; path = SceneDelegate.swift; sourceTree = "<group>"; };
		E73D1C47234A5AAA001E4921 /* ViewController.swift */ = {isa = PBXFileReference; lastKnownFileType = sourcecode.swift; path = ViewController.swift; sourceTree = "<group>"; };
		E73D1C4A234A5AAA001E4921 /* Base */ = {isa = PBXFileReference; lastKnownFileType = file.storyboard; name = Base; path = Base.lproj/Main.storyboard; sourceTree = "<group>"; };
		E73D1C4C234A5AAB001E4921 /* Assets.xcassets */ = {isa = PBXFileReference; lastKnownFileType = folder.assetcatalog; path = Assets.xcassets; sourceTree = "<group>"; };
		E73D1C4F234A5AAB001E4921 /* Base */ = {isa = PBXFileReference; lastKnownFileType = file.storyboard; name = Base; path = Base.lproj/LaunchScreen.storyboard; sourceTree = "<group>"; };
		E73D1C51234A5AAB001E4921 /* Info.plist */ = {isa = PBXFileReference; lastKnownFileType = text.plist.xml; path = Info.plist; sourceTree = "<group>"; };
/* End PBXFileReference section */

/* Begin PBXFrameworksBuildPhase section */
		E73D1C3D234A5AAA001E4921 /* Frameworks */ = {
			isa = PBXFrameworksBuildPhase;
			buildActionMask = 2147483647;
			files = (
			);
			runOnlyForDeploymentPostprocessing = 0;
		};
/* End PBXFrameworksBuildPhase section */

/* Begin PBXGroup section */
		E73D1C37234A5AAA001E4921 = {
			isa = PBXGroup;
			children = (
				E73D1C42234A5AAA001E4921 /* SwiftbookGETRequests */,
				E73D1C41234A5AAA001E4921 /* Products */,
			);
			sourceTree = "<group>";
		};
		E73D1C41234A5AAA001E4921 /* Products */ = {
			isa = PBXGroup;
			children = (
				E73D1C40234A5AAA001E4921 /* SwiftbookGETRequests.app */,
			);
			name = Products;
			sourceTree = "<group>";
		};
		E73D1C42234A5AAA001E4921 /* SwiftbookGETRequests */ = {
			isa = PBXGroup;
			children = (
				E73D1C43234A5AAA001E4921 /* AppDelegate.swift */,
				E73D1C45234A5AAA001E4921 /* SceneDelegate.swift */,
				E73D1C47234A5AAA001E4921 /* ViewController.swift */,
				E73D1C49234A5AAA001E4921 /* Main.storyboard */,
				E73D1C4C234A5AAB001E4921 /* Assets.xcassets */,
				E73D1C4E234A5AAB001E4921 /* LaunchScreen.storyboard */,
				E73D1C51234A5AAB001E4921 /* Info.plist */,
			);
			path = SwiftbookGETRequests;
			sourceTree = "<group>";
		};
/* End PBXGroup section */

/* Begin PBXNativeTarget section */
		E73D1C3F234A5AAA001E4921 /* SwiftbookGETRequests */ = {
			isa = PBXNativeTarget;
			buildConfigurationList = E73D1C54234A5AAB001E4921 /* Build configuration list for PBXNativeTarget "SwiftbookGETRequests" */;
			buildPhases = (
				E73D1C3C234A5AAA001E4921 /* Sources */,
				E73D1C3D234A5AAA001E4921 /* Frameworks */,
				E73D1C3E234A5AAA001E4921 /* Resources */,
			);
			buildRules = (
			);
			dependencies = (
			);
			name = SwiftbookGETRequests;
			productName = SwiftbookGETRequests;
			productReference = E73D1C40234A5AAA001E4921 /* SwiftbookGETRequests.app */;
			productType = "com.apple.product-type.application";
		};
/* End PBXNativeTarget section */

/* Begin PBXProject section */
		E73D1C38234A5AAA001E4921 /* Project object */ = {
			isa = PBXProject;
			attributes = {
				LastSwiftUpdateCheck = 1100;
				LastUpgradeCheck = 1100;
				ORGANIZATIONNAME = VladCorp;
				TargetAttributes = {
					E73D1C3F234A5AAA001E4921 = {
						CreatedOnToolsVersion = 11.0;
					};
				};
			};
			buildConfigurationList = E73D1C3B234A5AAA001E4921 /* Build configuration list for PBXProject "SwiftbookGETRequests" */;
			compatibilityVersion = "Xcode 9.3";
			developmentRegion = en;
			hasScannedForEncodings = 0;
			knownRegions = (
				en,
				Base,
			);
			mainGroup = E73D1C37234A5AAA001E4921;
			productRefGroup = E73D1C41234A5AAA001E4921 /* Products */;
			projectDirPath = "";
			projectRoot = "";
			targets = (
				E73D1C3F234A5AAA001E4921 /* SwiftbookGETRequests */,
			);
		};
/* End PBXProject section */

/* Begin PBXResourcesBuildPhase section */
		E73D1C3E234A5AAA001E4921 /* Resources */ = {
			isa = PBXResourcesBuildPhase;
			buildActionMask = 2147483647;
			files = (
				E73D1C50234A5AAB001E4921 /* LaunchScreen.storyboard in Resources */,
				E73D1C4D234A5AAB001E4921 /* Assets.xcassets in Resources */,
				E73D1C4B234A5AAA001E4921 /* Main.storyboard in Resources */,
			);
			runOnlyForDeploymentPostprocessing = 0;
		};
/* End PBXResourcesBuildPhase section */

/* Begin PBXSourcesBuildPhase section */
		E73D1C3C234A5AAA001E4921 /* Sources */ = {
			isa = PBXSourcesBuildPhase;
			buildActionMask = 2147483647;
			files = (
				E73D1C48234A5AAA001E4921 /* ViewController.swift in Sources */,
				E73D1C44234A5AAA001E4921 /* AppDelegate.swift in Sources */,
				E73D1C46234A5AAA001E4921 /* SceneDelegate.swift in Sources */,
			);
			runOnlyForDeploymentPostprocessing = 0;
		};
/* End PBXSourcesBuildPhase section */

/* Begin PBXVariantGroup section */
		E73D1C49234A5AAA001E4921 /* Main.storyboard */ = {
			isa = PBXVariantGroup;
			children = (
				E73D1C4A234A5AAA001E4921 /* Base */,
			);
			name = Main.storyboard;
			sourceTree = "<group>";
		};
		E73D1C4E234A5AAB001E4921 /* LaunchScreen.storyboard */ = {
			isa = PBXVariantGroup;
			children = (
				E73D1C4F234A5AAB001E4921 /* Base */,
			);
			name = LaunchScreen.storyboard;
			sourceTree = "<group>";
		};
/* End PBXVariantGroup section */

/* Begin XCBuildConfiguration section */
		E73D1C52234A5AAB001E4921 /* Debug */ = {
			isa = XCBuildConfiguration;
			buildSettings = {
				ALWAYS_SEARCH_USER_PATHS = NO;
				CLANG_ANALYZER_NONNULL = YES;
				CLANG_ANALYZER_NUMBER_OBJECT_CONVERSION = YES_AGGRESSIVE;
				CLANG_CXX_LANGUAGE_STANDARD = "gnu++14";
				CLANG_CXX_LIBRARY = "libc++";
				CLANG_ENABLE_MODULES = YES;
				CLANG_ENABLE_OBJC_ARC = YES;
				CLANG_ENABLE_OBJC_WEAK = YES;
				CLANG_WARN_BLOCK_CAPTURE_AUTORELEASING = YES;
				CLANG_WARN_BOOL_CONVERSION = YES;
				CLANG_WARN_COMMA = YES;
				CLANG_WARN_CONSTANT_CONVERSION = YES;
				CLANG_WARN_DEPRECATED_OBJC_IMPLEMENTATIONS = YES;
				CLANG_WARN_DIRECT_OBJC_ISA_USAGE = YES_ERROR;
				CLANG_WARN_DOCUMENTATION_COMMENTS = YES;
				CLANG_WARN_EMPTY_BODY = YES;
				CLANG_WARN_ENUM_CONVERSION = YES;
				CLANG_WARN_INFINITE_RECURSION = YES;
				CLANG_WARN_INT_CONVERSION = YES;
				CLANG_WARN_NON_LITERAL_NULL_CONVERSION = YES;
				CLANG_WARN_OBJC_IMPLICIT_RETAIN_SELF = YES;
				CLANG_WARN_OBJC_LITERAL_CONVERSION = YES;
				CLANG_WARN_OBJC_ROOT_CLASS = YES_ERROR;
				CLANG_WARN_RANGE_LOOP_ANALYSIS = YES;
				CLANG_WARN_STRICT_PROTOTYPES = YES;
				CLANG_WARN_SUSPICIOUS_MOVE = YES;
				CLANG_WARN_UNGUARDED_AVAILABILITY = YES_AGGRESSIVE;
				CLANG_WARN_UNREACHABLE_CODE = YES;
				CLANG_WARN__DUPLICATE_METHOD_MATCH = YES;
				COPY_PHASE_STRIP = NO;
				DEBUG_INFORMATION_FORMAT = dwarf;
				ENABLE_STRICT_OBJC_MSGSEND = YES;
				ENABLE_TESTABILITY = YES;
				GCC_C_LANGUAGE_STANDARD = gnu11;
				GCC_DYNAMIC_NO_PIC = NO;
				GCC_NO_COMMON_BLOCKS = YES;
				GCC_OPTIMIZATION_LEVEL = 0;
				GCC_PREPROCESSOR_DEFINITIONS = (
					"DEBUG=1",
					"$(inherited)",
				);
				GCC_WARN_64_TO_32_BIT_CONVERSION = YES;
				GCC_WARN_ABOUT_RETURN_TYPE = YES_ERROR;
				GCC_WARN_UNDECLARED_SELECTOR = YES;
				GCC_WARN_UNINITIALIZED_AUTOS = YES_AGGRESSIVE;
				GCC_WARN_UNUSED_FUNCTION = YES;
				GCC_WARN_UNUSED_VARIABLE = YES;
				IPHONEOS_DEPLOYMENT_TARGET = 13.0;
				MTL_ENABLE_DEBUG_INFO = INCLUDE_SOURCE;
				MTL_FAST_MATH = YES;
				ONLY_ACTIVE_ARCH = YES;
				SDKROOT = iphoneos;
				SWIFT_ACTIVE_COMPILATION_CONDITIONS = DEBUG;
				SWIFT_OPTIMIZATION_LEVEL = "-Onone";
			};
			name = Debug;
		};
		E73D1C53234A5AAB001E4921 /* Release */ = {
			isa = XCBuildConfiguration;
			buildSettings = {
				ALWAYS_SEARCH_USER_PATHS = NO;
				CLANG_ANALYZER_NONNULL = YES;
				CLANG_ANALYZER_NUMBER_OBJECT_CONVERSION = YES_AGGRESSIVE;
				CLANG_CXX_LANGUAGE_STANDARD = "gnu++14";
				CLANG_CXX_LIBRARY = "libc++";
				CLANG_ENABLE_MODULES = YES;
				CLANG_ENABLE_OBJC_ARC = YES;
				CLANG_ENABLE_OBJC_WEAK = YES;
				CLANG_WARN_BLOCK_CAPTURE_AUTORELEASING = YES;
				CLANG_WARN_BOOL_CONVERSION = YES;
				CLANG_WARN_COMMA = YES;
				CLANG_WARN_CONSTANT_CONVERSION = YES;
				CLANG_WARN_DEPRECATED_OBJC_IMPLEMENTATIONS = YES;
				CLANG_WARN_DIRECT_OBJC_ISA_USAGE = YES_ERROR;
				CLANG_WARN_DOCUMENTATION_COMMENTS = YES;
				CLANG_WARN_EMPTY_BODY = YES;
				CLANG_WARN_ENUM_CONVERSION = YES;
				CLANG_WARN_INFINITE_RECURSION = YES;
				CLANG_WARN_INT_CONVERSION = YES;
				CLANG_WARN_NON_LITERAL_NULL_CONVERSION = YES;
				CLANG_WARN_OBJC_IMPLICIT_RETAIN_SELF = YES;
				CLANG_WARN_OBJC_LITERAL_CONVERSION = YES;
				CLANG_WARN_OBJC_ROOT_CLASS = YES_ERROR;
				CLANG_WARN_RANGE_LOOP_ANALYSIS = YES;
				CLANG_WARN_STRICT_PROTOTYPES = YES;
				CLANG_WARN_SUSPICIOUS_MOVE = YES;
				CLANG_WARN_UNGUARDED_AVAILABILITY = YES_AGGRESSIVE;
				CLANG_WARN_UNREACHABLE_CODE = YES;
				CLANG_WARN__DUPLICATE_METHOD_MATCH = YES;
				COPY_PHASE_STRIP = NO;
				DEBUG_INFORMATION_FORMAT = "dwarf-with-dsym";
				ENABLE_NS_ASSERTIONS = NO;
				ENABLE_STRICT_OBJC_MSGSEND = YES;
				GCC_C_LANGUAGE_STANDARD = gnu11;
				GCC_NO_COMMON_BLOCKS = YES;
				GCC_WARN_64_TO_32_BIT_CONVERSION = YES;
				GCC_WARN_ABOUT_RETURN_TYPE = YES_ERROR;
				GCC_WARN_UNDECLARED_SELECTOR = YES;
				GCC_WARN_UNINITIALIZED_AUTOS = YES_AGGRESSIVE;
				GCC_WARN_UNUSED_FUNCTION = YES;
				GCC_WARN_UNUSED_VARIABLE = YES;
				IPHONEOS_DEPLOYMENT_TARGET = 13.0;
				MTL_ENABLE_DEBUG_INFO = NO;
				MTL_FAST_MATH = YES;
				SDKROOT = iphoneos;
				SWIFT_COMPILATION_MODE = wholemodule;
				SWIFT_OPTIMIZATION_LEVEL = "-O";
				VALIDATE_PRODUCT = YES;
			};
			name = Release;
		};
		E73D1C55234A5AAB001E4921 /* Debug */ = {
			isa = XCBuildConfiguration;
			buildSettings = {
				ASSETCATALOG_COMPILER_APPICON_NAME = AppIcon;
				CODE_SIGN_STYLE = Automatic;
				DEVELOPMENT_TEAM = WVUV9Z888F;
				INFOPLIST_FILE = SwiftbookGETRequests/Info.plist;
				LD_RUNPATH_SEARCH_PATHS = (
					"$(inherited)",
					"@executable_path/Frameworks",
				);
				PRODUCT_BUNDLE_IDENTIFIER = VC.SwiftbookGETRequests;
				PRODUCT_NAME = "$(TARGET_NAME)";
				SWIFT_VERSION = 5.0;
				TARGETED_DEVICE_FAMILY = "1,2";
			};
			name = Debug;
		};
		E73D1C56234A5AAB001E4921 /* Release */ = {
			isa = XCBuildConfiguration;
			buildSettings = {
				ASSETCATALOG_COMPILER_APPICON_NAME = AppIcon;
				CODE_SIGN_STYLE = Automatic;
				DEVELOPMENT_TEAM = WVUV9Z888F;
				INFOPLIST_FILE = SwiftbookGETRequests/Info.plist;
				LD_RUNPATH_SEARCH_PATHS = (
					"$(inherited)",
					"@executable_path/Frameworks",
				);
				PRODUCT_BUNDLE_IDENTIFIER = VC.SwiftbookGETRequests;
				PRODUCT_NAME = "$(TARGET_NAME)";
				SWIFT_VERSION = 5.0;
				TARGETED_DEVICE_FAMILY = "1,2";
			};
			name = Release;
		};
/* End XCBuildConfiguration section */

/* Begin XCConfigurationList section */
		E73D1C3B234A5AAA001E4921 /* Build configuration list for PBXProject "SwiftbookGETRequests" */ = {
			isa = XCConfigurationList;
			buildConfigurations = (
				E73D1C52234A5AAB001E4921 /* Debug */,
				E73D1C53234A5AAB001E4921 /* Release */,
			);
			defaultConfigurationIsVisible = 0;
			defaultConfigurationName = Release;
		};
		E73D1C54234A5AAB001E4921 /* Build configuration list for PBXNativeTarget "SwiftbookGETRequests" */ = {
			isa = XCConfigurationList;
			buildConfigurations = (
				E73D1C55234A5AAB001E4921 /* Debug */,
				E73D1C56234A5AAB001E4921 /* Release */,
			);
			defaultConfigurationIsVisible = 0;
			defaultConfigurationName = Release;
		};
/* End XCConfigurationList section */
	};
	rootObject = E73D1C38234A5AAA001E4921 /* Project object */;
}
